// !$*UTF8*$!
{
	archiveVersion = 1;
	classes = {
	};
	objectVersion = 48;
	objects = {

/* Begin PBXBuildFile section */
		5FDBC1611FED36410032004C /* AppDelegate.swift in Sources */ = {isa = PBXBuildFile; fileRef = 5FDBC1601FED36410032004C /* AppDelegate.swift */; };
		5FDBC1631FED36410032004C /* WelcomeVC.swift in Sources */ = {isa = PBXBuildFile; fileRef = 5FDBC1621FED36410032004C /* WelcomeVC.swift */; };
		5FDBC1661FED36410032004C /* Main.storyboard in Resources */ = {isa = PBXBuildFile; fileRef = 5FDBC1641FED36410032004C /* Main.storyboard */; };
		5FDBC1681FED36410032004C /* Assets.xcassets in Resources */ = {isa = PBXBuildFile; fileRef = 5FDBC1671FED36410032004C /* Assets.xcassets */; };
		5FDBC16B1FED36410032004C /* LaunchScreen.storyboard in Resources */ = {isa = PBXBuildFile; fileRef = 5FDBC1691FED36410032004C /* LaunchScreen.storyboard */; };
		5FDBC1761FED36420032004C /* SwooshTests.swift in Sources */ = {isa = PBXBuildFile; fileRef = 5FDBC1751FED36420032004C /* SwooshTests.swift */; };
		5FDBC1811FED36420032004C /* SwooshUITests.swift in Sources */ = {isa = PBXBuildFile; fileRef = 5FDBC1801FED36420032004C /* SwooshUITests.swift */; };
		5FDBC1921FED42200032004C /* BASCustomButton.swift in Sources */ = {isa = PBXBuildFile; fileRef = 5FDBC1911FED42200032004C /* BASCustomButton.swift */; };
		5FDBC1941FED51D90032004C /* LeagueVC.swift in Sources */ = {isa = PBXBuildFile; fileRef = 5FDBC1931FED51D90032004C /* LeagueVC.swift */; };
		5FDBC1961FED52BC0032004C /* SkillVC.swift in Sources */ = {isa = PBXBuildFile; fileRef = 5FDBC1951FED52BC0032004C /* SkillVC.swift */; };
		5FDBC1981FED62170032004C /* Player.swift in Sources */ = {isa = PBXBuildFile; fileRef = 5FDBC1971FED62170032004C /* Player.swift */; };
/* End PBXBuildFile section */

/* Begin PBXContainerItemProxy section */
		5FDBC1721FED36420032004C /* PBXContainerItemProxy */ = {
			isa = PBXContainerItemProxy;
			containerPortal = 5FDBC1551FED36410032004C /* Project object */;
			proxyType = 1;
			remoteGlobalIDString = 5FDBC15C1FED36410032004C;
			remoteInfo = Swoosh;
		};
		5FDBC17D1FED36420032004C /* PBXContainerItemProxy */ = {
			isa = PBXContainerItemProxy;
			containerPortal = 5FDBC1551FED36410032004C /* Project object */;
			proxyType = 1;
			remoteGlobalIDString = 5FDBC15C1FED36410032004C;
			remoteInfo = Swoosh;
		};
/* End PBXContainerItemProxy section */

/* Begin PBXFileReference section */
		5FDBC15D1FED36410032004C /* Swoosh.app */ = {isa = PBXFileReference; explicitFileType = wrapper.application; includeInIndex = 0; path = Swoosh.app; sourceTree = BUILT_PRODUCTS_DIR; };
		5FDBC1601FED36410032004C /* AppDelegate.swift */ = {isa = PBXFileReference; lastKnownFileType = sourcecode.swift; path = AppDelegate.swift; sourceTree = "<group>"; };
		5FDBC1621FED36410032004C /* WelcomeVC.swift */ = {isa = PBXFileReference; lastKnownFileType = sourcecode.swift; path = WelcomeVC.swift; sourceTree = "<group>"; };
		5FDBC1651FED36410032004C /* Base */ = {isa = PBXFileReference; lastKnownFileType = file.storyboard; name = Base; path = Base.lproj/Main.storyboard; sourceTree = "<group>"; };
		5FDBC1671FED36410032004C /* Assets.xcassets */ = {isa = PBXFileReference; lastKnownFileType = folder.assetcatalog; path = Assets.xcassets; sourceTree = "<group>"; };
		5FDBC16A1FED36410032004C /* Base */ = {isa = PBXFileReference; lastKnownFileType = file.storyboard; name = Base; path = Base.lproj/LaunchScreen.storyboard; sourceTree = "<group>"; };
		5FDBC16C1FED36410032004C /* Info.plist */ = {isa = PBXFileReference; lastKnownFileType = text.plist.xml; path = Info.plist; sourceTree = "<group>"; };
		5FDBC1711FED36420032004C /* SwooshTests.xctest */ = {isa = PBXFileReference; explicitFileType = wrapper.cfbundle; includeInIndex = 0; path = SwooshTests.xctest; sourceTree = BUILT_PRODUCTS_DIR; };
		5FDBC1751FED36420032004C /* SwooshTests.swift */ = {isa = PBXFileReference; lastKnownFileType = sourcecode.swift; path = SwooshTests.swift; sourceTree = "<group>"; };
		5FDBC1771FED36420032004C /* Info.plist */ = {isa = PBXFileReference; lastKnownFileType = text.plist.xml; path = Info.plist; sourceTree = "<group>"; };
		5FDBC17C1FED36420032004C /* SwooshUITests.xctest */ = {isa = PBXFileReference; explicitFileType = wrapper.cfbundle; includeInIndex = 0; path = SwooshUITests.xctest; sourceTree = BUILT_PRODUCTS_DIR; };
		5FDBC1801FED36420032004C /* SwooshUITests.swift */ = {isa = PBXFileReference; lastKnownFileType = sourcecode.swift; path = SwooshUITests.swift; sourceTree = "<group>"; };
		5FDBC1821FED36420032004C /* Info.plist */ = {isa = PBXFileReference; lastKnownFileType = text.plist.xml; path = Info.plist; sourceTree = "<group>"; };
		5FDBC1911FED42200032004C /* BASCustomButton.swift */ = {isa = PBXFileReference; lastKnownFileType = sourcecode.swift; path = BASCustomButton.swift; sourceTree = "<group>"; };
		5FDBC1931FED51D90032004C /* LeagueVC.swift */ = {isa = PBXFileReference; lastKnownFileType = sourcecode.swift; path = LeagueVC.swift; sourceTree = "<group>"; };
		5FDBC1951FED52BC0032004C /* SkillVC.swift */ = {isa = PBXFileReference; lastKnownFileType = sourcecode.swift; path = SkillVC.swift; sourceTree = "<group>"; };
		5FDBC1971FED62170032004C /* Player.swift */ = {isa = PBXFileReference; lastKnownFileType = sourcecode.swift; path = Player.swift; sourceTree = "<group>"; };
/* End PBXFileReference section */

/* Begin PBXFrameworksBuildPhase section */
		5FDBC15A1FED36410032004C /* Frameworks */ = {
			isa = PBXFrameworksBuildPhase;
			buildActionMask = 2147483647;
			files = (
			);
			runOnlyForDeploymentPostprocessing = 0;
		};
		5FDBC16E1FED36420032004C /* Frameworks */ = {
			isa = PBXFrameworksBuildPhase;
			buildActionMask = 2147483647;
			files = (
			);
			runOnlyForDeploymentPostprocessing = 0;
		};
		5FDBC1791FED36420032004C /* Frameworks */ = {
			isa = PBXFrameworksBuildPhase;
			buildActionMask = 2147483647;
			files = (
			);
			runOnlyForDeploymentPostprocessing = 0;
		};
/* End PBXFrameworksBuildPhase section */

/* Begin PBXGroup section */
		5FDBC1541FED36410032004C = {
			isa = PBXGroup;
			children = (
				5FDBC15F1FED36410032004C /* Swoosh */,
				5FDBC1741FED36420032004C /* SwooshTests */,
				5FDBC17F1FED36420032004C /* SwooshUITests */,
				5FDBC15E1FED36410032004C /* Products */,
			);
			sourceTree = "<group>";
		};
		5FDBC15E1FED36410032004C /* Products */ = {
			isa = PBXGroup;
			children = (
				5FDBC15D1FED36410032004C /* Swoosh.app */,
				5FDBC1711FED36420032004C /* SwooshTests.xctest */,
				5FDBC17C1FED36420032004C /* SwooshUITests.xctest */,
			);
			name = Products;
			sourceTree = "<group>";
		};
		5FDBC15F1FED36410032004C /* Swoosh */ = {
			isa = PBXGroup;
			children = (
				5FDBC1901FED36640032004C /* View */,
				5FDBC18F1FED365C0032004C /* Model */,
				5FDBC18E1FED364C0032004C /* ViewController */,
				5FDBC1601FED36410032004C /* AppDelegate.swift */,
				5FDBC1641FED36410032004C /* Main.storyboard */,
				5FDBC1671FED36410032004C /* Assets.xcassets */,
				5FDBC1691FED36410032004C /* LaunchScreen.storyboard */,
				5FDBC16C1FED36410032004C /* Info.plist */,
			);
			path = Swoosh;
			sourceTree = "<group>";
		};
		5FDBC1741FED36420032004C /* SwooshTests */ = {
			isa = PBXGroup;
			children = (
				5FDBC1751FED36420032004C /* SwooshTests.swift */,
				5FDBC1771FED36420032004C /* Info.plist */,
			);
			path = SwooshTests;
			sourceTree = "<group>";
		};
		5FDBC17F1FED36420032004C /* SwooshUITests */ = {
			isa = PBXGroup;
			children = (
				5FDBC1801FED36420032004C /* SwooshUITests.swift */,
				5FDBC1821FED36420032004C /* Info.plist */,
			);
			path = SwooshUITests;
			sourceTree = "<group>";
		};
		5FDBC18E1FED364C0032004C /* ViewController */ = {
			isa = PBXGroup;
			children = (
				5FDBC1621FED36410032004C /* WelcomeVC.swift */,
				5FDBC1931FED51D90032004C /* LeagueVC.swift */,
				5FDBC1951FED52BC0032004C /* SkillVC.swift */,
			);
			path = ViewController;
			sourceTree = "<group>";
		};
		5FDBC18F1FED365C0032004C /* Model */ = {
			isa = PBXGroup;
			children = (
				5FDBC1971FED62170032004C /* Player.swift */,
			);
			path = Model;
			sourceTree = "<group>";
		};
		5FDBC1901FED36640032004C /* View */ = {
			isa = PBXGroup;
			children = (
				5FDBC1911FED42200032004C /* BASCustomButton.swift */,
			);
			path = View;
			sourceTree = "<group>";
		};
/* End PBXGroup section */

/* Begin PBXNativeTarget section */
		5FDBC15C1FED36410032004C /* Swoosh */ = {
			isa = PBXNativeTarget;
			buildConfigurationList = 5FDBC1851FED36420032004C /* Build configuration list for PBXNativeTarget "Swoosh" */;
			buildPhases = (
				5FDBC1591FED36410032004C /* Sources */,
				5FDBC15A1FED36410032004C /* Frameworks */,
				5FDBC15B1FED36410032004C /* Resources */,
			);
			buildRules = (
			);
			dependencies = (
			);
			name = Swoosh;
			productName = Swoosh;
			productReference = 5FDBC15D1FED36410032004C /* Swoosh.app */;
			productType = "com.apple.product-type.application";
		};
		5FDBC1701FED36420032004C /* SwooshTests */ = {
			isa = PBXNativeTarget;
			buildConfigurationList = 5FDBC1881FED36420032004C /* Build configuration list for PBXNativeTarget "SwooshTests" */;
			buildPhases = (
				5FDBC16D1FED36420032004C /* Sources */,
				5FDBC16E1FED36420032004C /* Frameworks */,
				5FDBC16F1FED36420032004C /* Resources */,
			);
			buildRules = (
			);
			dependencies = (
				5FDBC1731FED36420032004C /* PBXTargetDependency */,
			);
			name = SwooshTests;
			productName = SwooshTests;
			productReference = 5FDBC1711FED36420032004C /* SwooshTests.xctest */;
			productType = "com.apple.product-type.bundle.unit-test";
		};
		5FDBC17B1FED36420032004C /* SwooshUITests */ = {
			isa = PBXNativeTarget;
			buildConfigurationList = 5FDBC18B1FED36420032004C /* Build configuration list for PBXNativeTarget "SwooshUITests" */;
			buildPhases = (
				5FDBC1781FED36420032004C /* Sources */,
				5FDBC1791FED36420032004C /* Frameworks */,
				5FDBC17A1FED36420032004C /* Resources */,
			);
			buildRules = (
			);
			dependencies = (
				5FDBC17E1FED36420032004C /* PBXTargetDependency */,
			);
			name = SwooshUITests;
			productName = SwooshUITests;
			productReference = 5FDBC17C1FED36420032004C /* SwooshUITests.xctest */;
			productType = "com.apple.product-type.bundle.ui-testing";
		};
/* End PBXNativeTarget section */

/* Begin PBXProject section */
		5FDBC1551FED36410032004C /* Project object */ = {
			isa = PBXProject;
			attributes = {
				LastSwiftUpdateCheck = 0910;
				LastUpgradeCheck = 0910;
				ORGANIZATIONNAME = "badal shah";
				TargetAttributes = {
					5FDBC15C1FED36410032004C = {
						CreatedOnToolsVersion = 9.1;
						ProvisioningStyle = Automatic;
					};
					5FDBC1701FED36420032004C = {
						CreatedOnToolsVersion = 9.1;
						ProvisioningStyle = Automatic;
						TestTargetID = 5FDBC15C1FED36410032004C;
					};
					5FDBC17B1FED36420032004C = {
						CreatedOnToolsVersion = 9.1;
						ProvisioningStyle = Automatic;
						TestTargetID = 5FDBC15C1FED36410032004C;
					};
				};
			};
			buildConfigurationList = 5FDBC1581FED36410032004C /* Build configuration list for PBXProject "Swoosh" */;
			compatibilityVersion = "Xcode 8.0";
			developmentRegion = en;
			hasScannedForEncodings = 0;
			knownRegions = (
				en,
				Base,
			);
			mainGroup = 5FDBC1541FED36410032004C;
			productRefGroup = 5FDBC15E1FED36410032004C /* Products */;
			projectDirPath = "";
			projectRoot = "";
			targets = (
				5FDBC15C1FED36410032004C /* Swoosh */,
				5FDBC1701FED36420032004C /* SwooshTests */,
				5FDBC17B1FED36420032004C /* SwooshUITests */,
			);
		};
/* End PBXProject section */

/* Begin PBXResourcesBuildPhase section */
		5FDBC15B1FED36410032004C /* Resources */ = {
			isa = PBXResourcesBuildPhase;
			buildActionMask = 2147483647;
			files = (
				5FDBC16B1FED36410032004C /* LaunchScreen.storyboard in Resources */,
				5FDBC1681FED36410032004C /* Assets.xcassets in Resources */,
				5FDBC1661FED36410032004C /* Main.storyboard in Resources */,
			);
			runOnlyForDeploymentPostprocessing = 0;
		};
		5FDBC16F1FED36420032004C /* Resources */ = {
			isa = PBXResourcesBuildPhase;
			buildActionMask = 2147483647;
			files = (
			);
			runOnlyForDeploymentPostprocessing = 0;
		};
		5FDBC17A1FED36420032004C /* Resources */ = {
			isa = PBXResourcesBuildPhase;
			buildActionMask = 2147483647;
			files = (
			);
			runOnlyForDeploymentPostprocessing = 0;
		};
/* End PBXResourcesBuildPhase section */

/* Begin PBXSourcesBuildPhase section */
		5FDBC1591FED36410032004C /* Sources */ = {
			isa = PBXSourcesBuildPhase;
			buildActionMask = 2147483647;
			files = (
				5FDBC1631FED36410032004C /* WelcomeVC.swift in Sources */,
				5FDBC1941FED51D90032004C /* LeagueVC.swift in Sources */,
				5FDBC1921FED42200032004C /* BASCustomButton.swift in Sources */,
				5FDBC1961FED52BC0032004C /* SkillVC.swift in Sources */,
				5FDBC1981FED62170032004C /* Player.swift in Sources */,
				5FDBC1611FED36410032004C /* AppDelegate.swift in Sources */,
			);
			runOnlyForDeploymentPostprocessing = 0;
		};
		5FDBC16D1FED36420032004C /* Sources */ = {
			isa = PBXSourcesBuildPhase;
			buildActionMask = 2147483647;
			files = (
				5FDBC1761FED36420032004C /* SwooshTests.swift in Sources */,
			);
			runOnlyForDeploymentPostprocessing = 0;
		};
		5FDBC1781FED36420032004C /* Sources */ = {
			isa = PBXSourcesBuildPhase;
			buildActionMask = 2147483647;
			files = (
				5FDBC1811FED36420032004C /* SwooshUITests.swift in Sources */,
			);
			runOnlyForDeploymentPostprocessing = 0;
		};
/* End PBXSourcesBuildPhase section */

/* Begin PBXTargetDependency section */
		5FDBC1731FED36420032004C /* PBXTargetDependency */ = {
			isa = PBXTargetDependency;
			target = 5FDBC15C1FED36410032004C /* Swoosh */;
			targetProxy = 5FDBC1721FED36420032004C /* PBXContainerItemProxy */;
		};
		5FDBC17E1FED36420032004C /* PBXTargetDependency */ = {
			isa = PBXTargetDependency;
			target = 5FDBC15C1FED36410032004C /* Swoosh */;
			targetProxy = 5FDBC17D1FED36420032004C /* PBXContainerItemProxy */;
		};
/* End PBXTargetDependency section */

/* Begin PBXVariantGroup section */
		5FDBC1641FED36410032004C /* Main.storyboard */ = {
			isa = PBXVariantGroup;
			children = (
				5FDBC1651FED36410032004C /* Base */,
			);
			name = Main.storyboard;
			sourceTree = "<group>";
		};
		5FDBC1691FED36410032004C /* LaunchScreen.storyboard */ = {
			isa = PBXVariantGroup;
			children = (
				5FDBC16A1FED36410032004C /* Base */,
			);
			name = LaunchScreen.storyboard;
			sourceTree = "<group>";
		};
/* End PBXVariantGroup section */

/* Begin XCBuildConfiguration section */
		5FDBC1831FED36420032004C /* Debug */ = {
			isa = XCBuildConfiguration;
			buildSettings = {
				ALWAYS_SEARCH_USER_PATHS = NO;
				CLANG_ANALYZER_NONNULL = YES;
				CLANG_ANALYZER_NUMBER_OBJECT_CONVERSION = YES_AGGRESSIVE;
				CLANG_CXX_LANGUAGE_STANDARD = "gnu++14";
				CLANG_CXX_LIBRARY = "libc++";
				CLANG_ENABLE_MODULES = YES;
				CLANG_ENABLE_OBJC_ARC = YES;
				CLANG_WARN_BLOCK_CAPTURE_AUTORELEASING = YES;
				CLANG_WARN_BOOL_CONVERSION = YES;
				CLANG_WARN_COMMA = YES;
				CLANG_WARN_CONSTANT_CONVERSION = YES;
				CLANG_WARN_DIRECT_OBJC_ISA_USAGE = YES_ERROR;
				CLANG_WARN_DOCUMENTATION_COMMENTS = YES;
				CLANG_WARN_EMPTY_BODY = YES;
				CLANG_WARN_ENUM_CONVERSION = YES;
				CLANG_WARN_INFINITE_RECURSION = YES;
				CLANG_WARN_INT_CONVERSION = YES;
				CLANG_WARN_NON_LITERAL_NULL_CONVERSION = YES;
				CLANG_WARN_OBJC_LITERAL_CONVERSION = YES;
				CLANG_WARN_OBJC_ROOT_CLASS = YES_ERROR;
				CLANG_WARN_RANGE_LOOP_ANALYSIS = YES;
				CLANG_WARN_STRICT_PROTOTYPES = YES;
				CLANG_WARN_SUSPICIOUS_MOVE = YES;
				CLANG_WARN_UNGUARDED_AVAILABILITY = YES_AGGRESSIVE;
				CLANG_WARN_UNREACHABLE_CODE = YES;
				CLANG_WARN__DUPLICATE_METHOD_MATCH = YES;
				CODE_SIGN_IDENTITY = "iPhone Developer";
				COPY_PHASE_STRIP = NO;
				DEBUG_INFORMATION_FORMAT = dwarf;
				ENABLE_STRICT_OBJC_MSGSEND = YES;
				ENABLE_TESTABILITY = YES;
				GCC_C_LANGUAGE_STANDARD = gnu11;
				GCC_DYNAMIC_NO_PIC = NO;
				GCC_NO_COMMON_BLOCKS = YES;
				GCC_OPTIMIZATION_LEVEL = 0;
				GCC_PREPROCESSOR_DEFINITIONS = (
					"DEBUG=1",
					"$(inherited)",
				);
				GCC_WARN_64_TO_32_BIT_CONVERSION = YES;
				GCC_WARN_ABOUT_RETURN_TYPE = YES_ERROR;
				GCC_WARN_UNDECLARED_SELECTOR = YES;
				GCC_WARN_UNINITIALIZED_AUTOS = YES_AGGRESSIVE;
				GCC_WARN_UNUSED_FUNCTION = YES;
				GCC_WARN_UNUSED_VARIABLE = YES;
				IPHONEOS_DEPLOYMENT_TARGET = 11.1;
				MTL_ENABLE_DEBUG_INFO = YES;
				ONLY_ACTIVE_ARCH = YES;
				SDKROOT = iphoneos;
				SWIFT_ACTIVE_COMPILATION_CONDITIONS = DEBUG;
				SWIFT_OPTIMIZATION_LEVEL = "-Onone";
			};
			name = Debug;
		};
		5FDBC1841FED36420032004C /* Release */ = {
			isa = XCBuildConfiguration;
			buildSettings = {
				ALWAYS_SEARCH_USER_PATHS = NO;
				CLANG_ANALYZER_NONNULL = YES;
				CLANG_ANALYZER_NUMBER_OBJECT_CONVERSION = YES_AGGRESSIVE;
				CLANG_CXX_LANGUAGE_STANDARD = "gnu++14";
				CLANG_CXX_LIBRARY = "libc++";
				CLANG_ENABLE_MODULES = YES;
				CLANG_ENABLE_OBJC_ARC = YES;
				CLANG_WARN_BLOCK_CAPTURE_AUTORELEASING = YES;
				CLANG_WARN_BOOL_CONVERSION = YES;
				CLANG_WARN_COMMA = YES;
				CLANG_WARN_CONSTANT_CONVERSION = YES;
				CLANG_WARN_DIRECT_OBJC_ISA_USAGE = YES_ERROR;
				CLANG_WARN_DOCUMENTATION_COMMENTS = YES;
				CLANG_WARN_EMPTY_BODY = YES;
				CLANG_WARN_ENUM_CONVERSION = YES;
				CLANG_WARN_INFINITE_RECURSION = YES;
				CLANG_WARN_INT_CONVERSION = YES;
				CLANG_WARN_NON_LITERAL_NULL_CONVERSION = YES;
				CLANG_WARN_OBJC_LITERAL_CONVERSION = YES;
				CLANG_WARN_OBJC_ROOT_CLASS = YES_ERROR;
				CLANG_WARN_RANGE_LOOP_ANALYSIS = YES;
				CLANG_WARN_STRICT_PROTOTYPES = YES;
				CLANG_WARN_SUSPICIOUS_MOVE = YES;
				CLANG_WARN_UNGUARDED_AVAILABILITY = YES_AGGRESSIVE;
				CLANG_WARN_UNREACHABLE_CODE = YES;
				CLANG_WARN__DUPLICATE_METHOD_MATCH = YES;
				CODE_SIGN_IDENTITY = "iPhone Developer";
				COPY_PHASE_STRIP = NO;
				DEBUG_INFORMATION_FORMAT = "dwarf-with-dsym";
				ENABLE_NS_ASSERTIONS = NO;
				ENABLE_STRICT_OBJC_MSGSEND = YES;
				GCC_C_LANGUAGE_STANDARD = gnu11;
				GCC_NO_COMMON_BLOCKS = YES;
				GCC_WARN_64_TO_32_BIT_CONVERSION = YES;
				GCC_WARN_ABOUT_RETURN_TYPE = YES_ERROR;
				GCC_WARN_UNDECLARED_SELECTOR = YES;
				GCC_WARN_UNINITIALIZED_AUTOS = YES_AGGRESSIVE;
				GCC_WARN_UNUSED_FUNCTION = YES;
				GCC_WARN_UNUSED_VARIABLE = YES;
				IPHONEOS_DEPLOYMENT_TARGET = 11.1;
				MTL_ENABLE_DEBUG_INFO = NO;
				SDKROOT = iphoneos;
				SWIFT_OPTIMIZATION_LEVEL = "-Owholemodule";
				VALIDATE_PRODUCT = YES;
			};
			name = Release;
		};
		5FDBC1861FED36420032004C /* Debug */ = {
			isa = XCBuildConfiguration;
			buildSettings = {
				ASSETCATALOG_COMPILER_APPICON_NAME = AppIcon;
				CODE_SIGN_STYLE = Automatic;
				INFOPLIST_FILE = Swoosh/Info.plist;
				LD_RUNPATH_SEARCH_PATHS = "$(inherited) @executable_path/Frameworks";
				PRODUCT_BUNDLE_IDENTIFIER = com.badal.com.Swoosh;
				PRODUCT_NAME = "$(TARGET_NAME)";
				SWIFT_VERSION = 4.0;
				TARGETED_DEVICE_FAMILY = "1,2";
			};
			name = Debug;
		};
		5FDBC1871FED36420032004C /* Release */ = {
			isa = XCBuildConfiguration;
			buildSettings = {
				ASSETCATALOG_COMPILER_APPICON_NAME = AppIcon;
				CODE_SIGN_STYLE = Automatic;
				INFOPLIST_FILE = Swoosh/Info.plist;
				LD_RUNPATH_SEARCH_PATHS = "$(inherited) @executable_path/Frameworks";
				PRODUCT_BUNDLE_IDENTIFIER = com.badal.com.Swoosh;
				PRODUCT_NAME = "$(TARGET_NAME)";
				SWIFT_VERSION = 4.0;
				TARGETED_DEVICE_FAMILY = "1,2";
			};
			name = Release;
		};
		5FDBC1891FED36420032004C /* Debug */ = {
			isa = XCBuildConfiguration;
			buildSettings = {
				ALWAYS_EMBED_SWIFT_STANDARD_LIBRARIES = YES;
				BUNDLE_LOADER = "$(TEST_HOST)";
				CODE_SIGN_STYLE = Automatic;
				INFOPLIST_FILE = SwooshTests/Info.plist;
				LD_RUNPATH_SEARCH_PATHS = "$(inherited) @executable_path/Frameworks @loader_path/Frameworks";
				PRODUCT_BUNDLE_IDENTIFIER = com.badal.com.SwooshTests;
				PRODUCT_NAME = "$(TARGET_NAME)";
				SWIFT_VERSION = 4.0;
				TARGETED_DEVICE_FAMILY = "1,2";
				TEST_HOST = "$(BUILT_PRODUCTS_DIR)/Swoosh.app/Swoosh";
			};
			name = Debug;
		};
		5FDBC18A1FED36420032004C /* Release */ = {
			isa = XCBuildConfiguration;
			buildSettings = {
				ALWAYS_EMBED_SWIFT_STANDARD_LIBRARIES = YES;
				BUNDLE_LOADER = "$(TEST_HOST)";
				CODE_SIGN_STYLE = Automatic;
				INFOPLIST_FILE = SwooshTests/Info.plist;
				LD_RUNPATH_SEARCH_PATHS = "$(inherited) @executable_path/Frameworks @loader_path/Frameworks";
				PRODUCT_BUNDLE_IDENTIFIER = com.badal.com.SwooshTests;
				PRODUCT_NAME = "$(TARGET_NAME)";
				SWIFT_VERSION = 4.0;
				TARGETED_DEVICE_FAMILY = "1,2";
				TEST_HOST = "$(BUILT_PRODUCTS_DIR)/Swoosh.app/Swoosh";
			};
			name = Release;
		};
		5FDBC18C1FED36420032004C /* Debug */ = {
			isa = XCBuildConfiguration;
			buildSettings = {
				ALWAYS_EMBED_SWIFT_STANDARD_LIBRARIES = YES;
				CODE_SIGN_STYLE = Automatic;
				INFOPLIST_FILE = SwooshUITests/Info.plist;
				LD_RUNPATH_SEARCH_PATHS = "$(inherited) @executable_path/Frameworks @loader_path/Frameworks";
				PRODUCT_BUNDLE_IDENTIFIER = com.badal.com.SwooshUITests;
				PRODUCT_NAME = "$(TARGET_NAME)";
				SWIFT_VERSION = 4.0;
				TARGETED_DEVICE_FAMILY = "1,2";
				TEST_TARGET_NAME = Swoosh;
			};
			name = Debug;
		};
		5FDBC18D1FED36420032004C /* Release */ = {
			isa = XCBuildConfiguration;
			buildSettings = {
				ALWAYS_EMBED_SWIFT_STANDARD_LIBRARIES = YES;
				CODE_SIGN_STYLE = Automatic;
				INFOPLIST_FILE = SwooshUITests/Info.plist;
				LD_RUNPATH_SEARCH_PATHS = "$(inherited) @executable_path/Frameworks @loader_path/Frameworks";
				PRODUCT_BUNDLE_IDENTIFIER = com.badal.com.SwooshUITests;
				PRODUCT_NAME = "$(TARGET_NAME)";
				SWIFT_VERSION = 4.0;
				TARGETED_DEVICE_FAMILY = "1,2";
				TEST_TARGET_NAME = Swoosh;
			};
			name = Release;
		};
/* End XCBuildConfiguration section */

/* Begin XCConfigurationList section */
		5FDBC1581FED36410032004C /* Build configuration list for PBXProject "Swoosh" */ = {
			isa = XCConfigurationList;
			buildConfigurations = (
				5FDBC1831FED36420032004C /* Debug */,
				5FDBC1841FED36420032004C /* Release */,
			);
			defaultConfigurationIsVisible = 0;
			defaultConfigurationName = Release;
		};
		5FDBC1851FED36420032004C /* Build configuration list for PBXNativeTarget "Swoosh" */ = {
			isa = XCConfigurationList;
			buildConfigurations = (
				5FDBC1861FED36420032004C /* Debug */,
				5FDBC1871FED36420032004C /* Release */,
			);
			defaultConfigurationIsVisible = 0;
			defaultConfigurationName = Release;
		};
		5FDBC1881FED36420032004C /* Build configuration list for PBXNativeTarget "SwooshTests" */ = {
			isa = XCConfigurationList;
			buildConfigurations = (
				5FDBC1891FED36420032004C /* Debug */,
				5FDBC18A1FED36420032004C /* Release */,
			);
			defaultConfigurationIsVisible = 0;
			defaultConfigurationName = Release;
		};
		5FDBC18B1FED36420032004C /* Build configuration list for PBXNativeTarget "SwooshUITests" */ = {
			isa = XCConfigurationList;
			buildConfigurations = (
				5FDBC18C1FED36420032004C /* Debug */,
				5FDBC18D1FED36420032004C /* Release */,
			);
			defaultConfigurationIsVisible = 0;
			defaultConfigurationName = Release;
		};
/* End XCConfigurationList section */
	};
	rootObject = 5FDBC1551FED36410032004C /* Project object */;
}
